
Microsoft Visual Studio Solution File, Format Version 12.00
# Visual Studio Version 16
VisualStudioVersion = 16.0.29025.244
MinimumVisualStudioVersion = 10.0.40219.1
Project("{FAE04EC0-301F-11D3-BF4B-00C04F79EFBC}") = "MovieApplication", "MovieApplication\MovieApplication.csproj", "{59E4C9D8-38B6-4267-8990-5C02EDD6AF85}"
EndProject
Global
	GlobalSection(SolutionConfigurationPlatforms) = preSolution
		Debug|Any CPU = Debug|Any CPU
		Release|Any CPU = Release|Any CPU
	EndGlobalSection
	GlobalSection(ProjectConfigurationPlatforms) = postSolution
		{59E4C9D8-38B6-4267-8990-5C02EDD6AF85}.Debug|Any CPU.ActiveCfg = Debug|Any CPU
		{59E4C9D8-38B6-4267-8990-5C02EDD6AF85}.Debug|Any CPU.Build.0 = Debug|Any CPU
		{59E4C9D8-38B6-4267-8990-5C02EDD6AF85}.Release|Any CPU.ActiveCfg = Release|Any CPU
		{59E4C9D8-38B6-4267-8990-5C02EDD6AF85}.Release|Any CPU.Build.0 = Release|Any CPU
	EndGlobalSection
	GlobalSection(SolutionProperties) = preSolution
		HideSolutionNode = FALSE
	EndGlobalSection
	GlobalSection(ExtensibilityGlobals) = postSolution
		SolutionGuid = {693110B9-C06F-402A-940A-B248E6F791E5}
	EndGlobalSection
EndGlobal
